
Microsoft Visual Studio Solution File, Format Version 12.00
# Visual Studio Version 16
VisualStudioVersion = 16.0.31105.61
MinimumVisualStudioVersion = 10.0.40219.1
Project("{FAE04EC0-301F-11D3-BF4B-00C04F79EFBC}") = "CinemaLogic", "CinemaLogic.csproj", "{401D5F8A-961F-42F6-85B7-6BAAC21AC114}"
EndProject
Global
	GlobalSection(SolutionConfigurationPlatforms) = preSolution
		Debug|Any CPU = Debug|Any CPU
		Release|Any CPU = Release|Any CPU
	EndGlobalSection
	GlobalSection(ProjectConfigurationPlatforms) = postSolution
		{401D5F8A-961F-42F6-85B7-6BAAC21AC114}.Debug|Any CPU.ActiveCfg = Debug|Any CPU
		{401D5F8A-961F-42F6-85B7-6BAAC21AC114}.Debug|Any CPU.Build.0 = Debug|Any CPU
		{401D5F8A-961F-42F6-85B7-6BAAC21AC114}.Release|Any CPU.ActiveCfg = Release|Any CPU
		{401D5F8A-961F-42F6-85B7-6BAAC21AC114}.Release|Any CPU.Build.0 = Release|Any CPU
	EndGlobalSection
	GlobalSection(SolutionProperties) = preSolution
		HideSolutionNode = FALSE
	EndGlobalSection
	GlobalSection(ExtensibilityGlobals) = postSolution
		SolutionGuid = {73BD8D90-38BF-48D5-B8DE-8A5CA6C95F23}
	EndGlobalSection
EndGlobal
